// !$*UTF8*$!
{
	archiveVersion = 1;
	classes = {
	};
	objectVersion = 51;
	objects = {

/* Begin PBXBuildFile section */
		AB42C15526A458D800EB1B92 /* BubbleBehaviorManager.swift in Sources */ = {isa = PBXBuildFile; fileRef = AB42C15426A458D800EB1B92 /* BubbleBehaviorManager.swift */; };
		AB42C15826A46B9F00EB1B92 /* DrawerView.swift in Sources */ = {isa = PBXBuildFile; fileRef = AB42C15726A46B9F00EB1B92 /* DrawerView.swift */; };
		AB42C15B26A5657600EB1B92 /* TabBarController.swift in Sources */ = {isa = PBXBuildFile; fileRef = AB42C15A26A5657600EB1B92 /* TabBarController.swift */; };
		AB42C15E26A568A400EB1B92 /* MyPageViewController.swift in Sources */ = {isa = PBXBuildFile; fileRef = AB42C15D26A568A400EB1B92 /* MyPageViewController.swift */; };
		AB42C16126A5691000EB1B92 /* AnalysisViewController.swift in Sources */ = {isa = PBXBuildFile; fileRef = AB42C16026A5691000EB1B92 /* AnalysisViewController.swift */; };
		AB42C16426A5C52C00EB1B92 /* DiviceConstants.swift in Sources */ = {isa = PBXBuildFile; fileRef = AB42C16326A5C52C00EB1B92 /* DiviceConstants.swift */; };
		AB42C16626A5C61200EB1B92 /* UIComponentsConstants.swift in Sources */ = {isa = PBXBuildFile; fileRef = AB42C16526A5C61200EB1B92 /* UIComponentsConstants.swift */; };
		AB42C16926A5D1E200EB1B92 /* Pretendard-ExtraBold.otf in Resources */ = {isa = PBXBuildFile; fileRef = AB42C16826A5D1E200EB1B92 /* Pretendard-ExtraBold.otf */; };
		AB42C16B26A5D1EE00EB1B92 /* Pretendard-Medium.otf in Resources */ = {isa = PBXBuildFile; fileRef = AB42C16A26A5D1EE00EB1B92 /* Pretendard-Medium.otf */; };
		AB42C16D26A5D1FD00EB1B92 /* Pretendard-Bold.otf in Resources */ = {isa = PBXBuildFile; fileRef = AB42C16C26A5D1FD00EB1B92 /* Pretendard-Bold.otf */; };
		AB42C16F26A5D20600EB1B92 /* Pretendard-Regular.otf in Resources */ = {isa = PBXBuildFile; fileRef = AB42C16E26A5D20600EB1B92 /* Pretendard-Regular.otf */; };
		AB42C17126A5D2D200EB1B92 /* UIFont+Extension.swift in Sources */ = {isa = PBXBuildFile; fileRef = AB42C17026A5D2D200EB1B92 /* UIFont+Extension.swift */; };
		AB42C17626A5E1EF00EB1B92 /* HomeHabitTableViewCell.swift in Sources */ = {isa = PBXBuildFile; fileRef = AB42C17526A5E1EF00EB1B92 /* HomeHabitTableViewCell.swift */; };
		AB42C17826A5E7C500EB1B92 /* MainViewController+Extension.swift in Sources */ = {isa = PBXBuildFile; fileRef = AB42C17726A5E7C500EB1B92 /* MainViewController+Extension.swift */; };
		AB42C17D26A839B200EB1B92 /* PopUpViewController.swift in Sources */ = {isa = PBXBuildFile; fileRef = AB42C17C26A839B200EB1B92 /* PopUpViewController.swift */; };
		AB7F6E2C26997ABD00EF9C6E /* AppDelegate.swift in Sources */ = {isa = PBXBuildFile; fileRef = AB7F6E2B26997ABD00EF9C6E /* AppDelegate.swift */; };
		AB7F6E2E26997ABD00EF9C6E /* SceneDelegate.swift in Sources */ = {isa = PBXBuildFile; fileRef = AB7F6E2D26997ABD00EF9C6E /* SceneDelegate.swift */; };
		AB7F6E3026997ABD00EF9C6E /* MainViewController.swift in Sources */ = {isa = PBXBuildFile; fileRef = AB7F6E2F26997ABD00EF9C6E /* MainViewController.swift */; };
		AB7F6E3526997AC100EF9C6E /* Assets.xcassets in Resources */ = {isa = PBXBuildFile; fileRef = AB7F6E3426997AC100EF9C6E /* Assets.xcassets */; };
		AB7F6E3826997AC100EF9C6E /* LaunchScreen.storyboard in Resources */ = {isa = PBXBuildFile; fileRef = AB7F6E3626997AC100EF9C6E /* LaunchScreen.storyboard */; };
		AB7F6E492699FD8900EF9C6E /* UIView+Extension.swift in Sources */ = {isa = PBXBuildFile; fileRef = AB7F6E482699FD8900EF9C6E /* UIView+Extension.swift */; };
		AB7F6E4B2699FDB900EF9C6E /* UIDevice+Extension.swift in Sources */ = {isa = PBXBuildFile; fileRef = AB7F6E4A2699FDB900EF9C6E /* UIDevice+Extension.swift */; };
		AB7F6E4E2699FDEB00EF9C6E /* Date+Extension.swift in Sources */ = {isa = PBXBuildFile; fileRef = AB7F6E4D2699FDEB00EF9C6E /* Date+Extension.swift */; };
		AB7F6E512699FF7B00EF9C6E /* LoginViewController.swift in Sources */ = {isa = PBXBuildFile; fileRef = AB7F6E502699FF7B00EF9C6E /* LoginViewController.swift */; };
		AB7F6E54269A02E100EF9C6E /* KeyConstants.swift in Sources */ = {isa = PBXBuildFile; fileRef = AB7F6E53269A02E000EF9C6E /* KeyConstants.swift */; };
		AB7F6E57269A2CAB00EF9C6E /* SIgnManager.swift in Sources */ = {isa = PBXBuildFile; fileRef = AB7F6E56269A2CAB00EF9C6E /* SIgnManager.swift */; };
		B7D2DDC6465AE19DD610ECC1 /* Pods_lazy_iOS.framework in Frameworks */ = {isa = PBXBuildFile; fileRef = 5C3E8A640D9EFD43FACD2902 /* Pods_lazy_iOS.framework */; };
/* End PBXBuildFile section */

/* Begin PBXFileReference section */
		2F61B0477BCC48894749B34D /* Pods-lazy-iOS.release.xcconfig */ = {isa = PBXFileReference; includeInIndex = 1; lastKnownFileType = text.xcconfig; name = "Pods-lazy-iOS.release.xcconfig"; path = "Target Support Files/Pods-lazy-iOS/Pods-lazy-iOS.release.xcconfig"; sourceTree = "<group>"; };
		44C6479D16B690640522E86F /* Pods-lazy-iOS.debug.xcconfig */ = {isa = PBXFileReference; includeInIndex = 1; lastKnownFileType = text.xcconfig; name = "Pods-lazy-iOS.debug.xcconfig"; path = "Target Support Files/Pods-lazy-iOS/Pods-lazy-iOS.debug.xcconfig"; sourceTree = "<group>"; };
		5C3E8A640D9EFD43FACD2902 /* Pods_lazy_iOS.framework */ = {isa = PBXFileReference; explicitFileType = wrapper.framework; includeInIndex = 0; path = Pods_lazy_iOS.framework; sourceTree = BUILT_PRODUCTS_DIR; };
		AB42C15426A458D800EB1B92 /* BubbleBehaviorManager.swift */ = {isa = PBXFileReference; lastKnownFileType = sourcecode.swift; path = BubbleBehaviorManager.swift; sourceTree = "<group>"; };
		AB42C15726A46B9F00EB1B92 /* DrawerView.swift */ = {isa = PBXFileReference; lastKnownFileType = sourcecode.swift; path = DrawerView.swift; sourceTree = "<group>"; };
		AB42C15A26A5657600EB1B92 /* TabBarController.swift */ = {isa = PBXFileReference; lastKnownFileType = sourcecode.swift; path = TabBarController.swift; sourceTree = "<group>"; };
		AB42C15D26A568A400EB1B92 /* MyPageViewController.swift */ = {isa = PBXFileReference; lastKnownFileType = sourcecode.swift; path = MyPageViewController.swift; sourceTree = "<group>"; };
		AB42C16026A5691000EB1B92 /* AnalysisViewController.swift */ = {isa = PBXFileReference; lastKnownFileType = sourcecode.swift; path = AnalysisViewController.swift; sourceTree = "<group>"; };
		AB42C16326A5C52C00EB1B92 /* DiviceConstants.swift */ = {isa = PBXFileReference; lastKnownFileType = sourcecode.swift; path = DiviceConstants.swift; sourceTree = "<group>"; };
		AB42C16526A5C61200EB1B92 /* UIComponentsConstants.swift */ = {isa = PBXFileReference; lastKnownFileType = sourcecode.swift; path = UIComponentsConstants.swift; sourceTree = "<group>"; };
		AB42C16826A5D1E200EB1B92 /* Pretendard-ExtraBold.otf */ = {isa = PBXFileReference; lastKnownFileType = file; path = "Pretendard-ExtraBold.otf"; sourceTree = "<group>"; };
		AB42C16A26A5D1EE00EB1B92 /* Pretendard-Medium.otf */ = {isa = PBXFileReference; lastKnownFileType = file; path = "Pretendard-Medium.otf"; sourceTree = "<group>"; };
		AB42C16C26A5D1FD00EB1B92 /* Pretendard-Bold.otf */ = {isa = PBXFileReference; lastKnownFileType = file; path = "Pretendard-Bold.otf"; sourceTree = "<group>"; };
		AB42C16E26A5D20600EB1B92 /* Pretendard-Regular.otf */ = {isa = PBXFileReference; lastKnownFileType = file; path = "Pretendard-Regular.otf"; sourceTree = "<group>"; };
		AB42C17026A5D2D200EB1B92 /* UIFont+Extension.swift */ = {isa = PBXFileReference; lastKnownFileType = sourcecode.swift; path = "UIFont+Extension.swift"; sourceTree = "<group>"; };
		AB42C17526A5E1EF00EB1B92 /* HomeHabitTableViewCell.swift */ = {isa = PBXFileReference; lastKnownFileType = sourcecode.swift; path = HomeHabitTableViewCell.swift; sourceTree = "<group>"; };
		AB42C17726A5E7C500EB1B92 /* MainViewController+Extension.swift */ = {isa = PBXFileReference; lastKnownFileType = sourcecode.swift; path = "MainViewController+Extension.swift"; sourceTree = "<group>"; };
		AB42C17C26A839B200EB1B92 /* PopUpViewController.swift */ = {isa = PBXFileReference; lastKnownFileType = sourcecode.swift; path = PopUpViewController.swift; sourceTree = "<group>"; };
		AB7F6E2826997ABD00EF9C6E /* lazy-iOS.app */ = {isa = PBXFileReference; explicitFileType = wrapper.application; includeInIndex = 0; path = "lazy-iOS.app"; sourceTree = BUILT_PRODUCTS_DIR; };
		AB7F6E2B26997ABD00EF9C6E /* AppDelegate.swift */ = {isa = PBXFileReference; lastKnownFileType = sourcecode.swift; path = AppDelegate.swift; sourceTree = "<group>"; };
		AB7F6E2D26997ABD00EF9C6E /* SceneDelegate.swift */ = {isa = PBXFileReference; lastKnownFileType = sourcecode.swift; path = SceneDelegate.swift; sourceTree = "<group>"; };
		AB7F6E2F26997ABD00EF9C6E /* MainViewController.swift */ = {isa = PBXFileReference; lastKnownFileType = sourcecode.swift; path = MainViewController.swift; sourceTree = "<group>"; };
		AB7F6E3426997AC100EF9C6E /* Assets.xcassets */ = {isa = PBXFileReference; lastKnownFileType = folder.assetcatalog; path = Assets.xcassets; sourceTree = "<group>"; };
		AB7F6E3726997AC100EF9C6E /* Base */ = {isa = PBXFileReference; lastKnownFileType = file.storyboard; name = Base; path = Base.lproj/LaunchScreen.storyboard; sourceTree = "<group>"; };
		AB7F6E3926997AC100EF9C6E /* Info.plist */ = {isa = PBXFileReference; lastKnownFileType = text.plist.xml; path = Info.plist; sourceTree = "<group>"; };
		AB7F6E482699FD8900EF9C6E /* UIView+Extension.swift */ = {isa = PBXFileReference; lastKnownFileType = sourcecode.swift; path = "UIView+Extension.swift"; sourceTree = "<group>"; };
		AB7F6E4A2699FDB900EF9C6E /* UIDevice+Extension.swift */ = {isa = PBXFileReference; lastKnownFileType = sourcecode.swift; path = "UIDevice+Extension.swift"; sourceTree = "<group>"; };
		AB7F6E4D2699FDEB00EF9C6E /* Date+Extension.swift */ = {isa = PBXFileReference; lastKnownFileType = sourcecode.swift; path = "Date+Extension.swift"; sourceTree = "<group>"; };
		AB7F6E502699FF7B00EF9C6E /* LoginViewController.swift */ = {isa = PBXFileReference; lastKnownFileType = sourcecode.swift; path = LoginViewController.swift; sourceTree = "<group>"; };
		AB7F6E53269A02E000EF9C6E /* KeyConstants.swift */ = {isa = PBXFileReference; lastKnownFileType = sourcecode.swift; path = KeyConstants.swift; sourceTree = "<group>"; };
		AB7F6E56269A2CAB00EF9C6E /* SIgnManager.swift */ = {isa = PBXFileReference; lastKnownFileType = sourcecode.swift; path = SIgnManager.swift; sourceTree = "<group>"; };
/* End PBXFileReference section */

/* Begin PBXFrameworksBuildPhase section */
		AB7F6E2526997ABD00EF9C6E /* Frameworks */ = {
			isa = PBXFrameworksBuildPhase;
			buildActionMask = 2147483647;
			files = (
				B7D2DDC6465AE19DD610ECC1 /* Pods_lazy_iOS.framework in Frameworks */,
			);
			runOnlyForDeploymentPostprocessing = 0;
		};
/* End PBXFrameworksBuildPhase section */

/* Begin PBXGroup section */
		1FBD6DAEDE36C12B99813A2B /* Frameworks */ = {
			isa = PBXGroup;
			children = (
				5C3E8A640D9EFD43FACD2902 /* Pods_lazy_iOS.framework */,
			);
			name = Frameworks;
			sourceTree = "<group>";
		};
		6AFAE8F8965657AF41D9E786 /* Pods */ = {
			isa = PBXGroup;
			children = (
				44C6479D16B690640522E86F /* Pods-lazy-iOS.debug.xcconfig */,
				2F61B0477BCC48894749B34D /* Pods-lazy-iOS.release.xcconfig */,
			);
			path = Pods;
			sourceTree = "<group>";
		};
		AB42C15626A46B8500EB1B92 /* Components */ = {
			isa = PBXGroup;
			children = (
				AB42C15726A46B9F00EB1B92 /* DrawerView.swift */,
			);
			path = Components;
			sourceTree = "<group>";
		};
		AB42C15926A5655F00EB1B92 /* TabBar */ = {
			isa = PBXGroup;
			children = (
				AB42C15A26A5657600EB1B92 /* TabBarController.swift */,
			);
			path = TabBar;
			sourceTree = "<group>";
		};
		AB42C15C26A5688E00EB1B92 /* MyPage */ = {
			isa = PBXGroup;
			children = (
				AB42C15D26A568A400EB1B92 /* MyPageViewController.swift */,
			);
			path = MyPage;
			sourceTree = "<group>";
		};
		AB42C15F26A568BB00EB1B92 /* Analysis */ = {
			isa = PBXGroup;
			children = (
				AB42C16026A5691000EB1B92 /* AnalysisViewController.swift */,
			);
			path = Analysis;
			sourceTree = "<group>";
		};
		AB42C16226A5C49100EB1B92 /* Constants */ = {
			isa = PBXGroup;
			children = (
				AB42C16326A5C52C00EB1B92 /* DiviceConstants.swift */,
				AB42C16526A5C61200EB1B92 /* UIComponentsConstants.swift */,
			);
			path = Constants;
			sourceTree = "<group>";
		};
		AB42C16726A5CE8A00EB1B92 /* Fonts */ = {
			isa = PBXGroup;
			children = (
				AB42C16E26A5D20600EB1B92 /* Pretendard-Regular.otf */,
				AB42C16C26A5D1FD00EB1B92 /* Pretendard-Bold.otf */,
				AB42C16A26A5D1EE00EB1B92 /* Pretendard-Medium.otf */,
				AB42C16826A5D1E200EB1B92 /* Pretendard-ExtraBold.otf */,
			);
			path = Fonts;
			sourceTree = "<group>";
		};
		AB42C17226A5E17D00EB1B92 /* Cell */ = {
			isa = PBXGroup;
			children = (
				AB42C17526A5E1EF00EB1B92 /* HomeHabitTableViewCell.swift */,
			);
			path = Cell;
			sourceTree = "<group>";
		};
		AB42C17B26A8394E00EB1B92 /* PopUp */ = {
			isa = PBXGroup;
			children = (
				AB42C17C26A839B200EB1B92 /* PopUpViewController.swift */,
			);
			path = PopUp;
			sourceTree = "<group>";
		};
		AB7F6E1F26997ABD00EF9C6E = {
			isa = PBXGroup;
			children = (
				AB7F6E2A26997ABD00EF9C6E /* lazy-iOS */,
				AB7F6E2926997ABD00EF9C6E /* Products */,
				6AFAE8F8965657AF41D9E786 /* Pods */,
				1FBD6DAEDE36C12B99813A2B /* Frameworks */,
			);
			sourceTree = "<group>";
		};
		AB7F6E2926997ABD00EF9C6E /* Products */ = {
			isa = PBXGroup;
			children = (
				AB7F6E2826997ABD00EF9C6E /* lazy-iOS.app */,
			);
			name = Products;
			sourceTree = "<group>";
		};
		AB7F6E2A26997ABD00EF9C6E /* lazy-iOS */ = {
			isa = PBXGroup;
			children = (
				AB7F6E422699F81B00EF9C6E /* Supporting Files */,
				AB7F6E3F2699F6A500EF9C6E /* Sources */,
				AB7F6E3626997AC100EF9C6E /* LaunchScreen.storyboard */,
				AB7F6E3926997AC100EF9C6E /* Info.plist */,
			);
			path = "lazy-iOS";
			sourceTree = "<group>";
		};
		AB7F6E3F2699F6A500EF9C6E /* Sources */ = {
			isa = PBXGroup;
			children = (
				AB42C17B26A8394E00EB1B92 /* PopUp */,
				AB42C15F26A568BB00EB1B92 /* Analysis */,
				AB42C15C26A5688E00EB1B92 /* MyPage */,
				AB42C15926A5655F00EB1B92 /* TabBar */,
				AB7F6E4F2699FF6800EF9C6E /* Login */,
				AB7F6E452699FD5300EF9C6E /* Common */,
				AB7F6E412699F72300EF9C6E /* Main */,
			);
			path = Sources;
			sourceTree = "<group>";
		};
		AB7F6E412699F72300EF9C6E /* Main */ = {
			isa = PBXGroup;
			children = (
				AB42C17226A5E17D00EB1B92 /* Cell */,
				AB42C15626A46B8500EB1B92 /* Components */,
				AB7F6E2F26997ABD00EF9C6E /* MainViewController.swift */,
				AB42C17726A5E7C500EB1B92 /* MainViewController+Extension.swift */,
			);
			path = Main;
			sourceTree = "<group>";
		};
		AB7F6E422699F81B00EF9C6E /* Supporting Files */ = {
			isa = PBXGroup;
			children = (
				AB42C16726A5CE8A00EB1B92 /* Fonts */,
				AB7F6E3426997AC100EF9C6E /* Assets.xcassets */,
				AB7F6E2B26997ABD00EF9C6E /* AppDelegate.swift */,
				AB7F6E2D26997ABD00EF9C6E /* SceneDelegate.swift */,
			);
			path = "Supporting Files";
			sourceTree = "<group>";
		};
		AB7F6E452699FD5300EF9C6E /* Common */ = {
			isa = PBXGroup;
			children = (
				AB42C16226A5C49100EB1B92 /* Constants */,
				AB7F6E55269A2C9300EF9C6E /* Manager */,
				AB7F6E52269A02C600EF9C6E /* Key */,
				AB7F6E462699FD5B00EF9C6E /* Extensions */,
			);
			path = Common;
			sourceTree = "<group>";
		};
		AB7F6E462699FD5B00EF9C6E /* Extensions */ = {
			isa = PBXGroup;
			children = (
				AB7F6E482699FD8900EF9C6E /* UIView+Extension.swift */,
				AB7F6E4A2699FDB900EF9C6E /* UIDevice+Extension.swift */,
				AB7F6E4D2699FDEB00EF9C6E /* Date+Extension.swift */,
				AB42C17026A5D2D200EB1B92 /* UIFont+Extension.swift */,
			);
			path = Extensions;
			sourceTree = "<group>";
		};
		AB7F6E4F2699FF6800EF9C6E /* Login */ = {
			isa = PBXGroup;
			children = (
				AB7F6E502699FF7B00EF9C6E /* LoginViewController.swift */,
			);
			path = Login;
			sourceTree = "<group>";
		};
		AB7F6E52269A02C600EF9C6E /* Key */ = {
			isa = PBXGroup;
			children = (
				AB7F6E53269A02E000EF9C6E /* KeyConstants.swift */,
			);
			path = Key;
			sourceTree = "<group>";
		};
		AB7F6E55269A2C9300EF9C6E /* Manager */ = {
			isa = PBXGroup;
			children = (
				AB7F6E56269A2CAB00EF9C6E /* SIgnManager.swift */,
				AB42C15426A458D800EB1B92 /* BubbleBehaviorManager.swift */,
			);
			path = Manager;
			sourceTree = "<group>";
		};
/* End PBXGroup section */

/* Begin PBXNativeTarget section */
		AB7F6E2726997ABD00EF9C6E /* lazy-iOS */ = {
			isa = PBXNativeTarget;
			buildConfigurationList = AB7F6E3C26997AC100EF9C6E /* Build configuration list for PBXNativeTarget "lazy-iOS" */;
			buildPhases = (
				CFAD25E117855A7CBEEEA4F1 /* [CP] Check Pods Manifest.lock */,
				AB7F6E2426997ABD00EF9C6E /* Sources */,
				AB7F6E2526997ABD00EF9C6E /* Frameworks */,
				AB7F6E2626997ABD00EF9C6E /* Resources */,
				523439D17E80E97113471589 /* [CP] Embed Pods Frameworks */,
			);
			buildRules = (
			);
			dependencies = (
			);
			name = "lazy-iOS";
			productName = "lazy-iOS";
			productReference = AB7F6E2826997ABD00EF9C6E /* lazy-iOS.app */;
			productType = "com.apple.product-type.application";
		};
/* End PBXNativeTarget section */

/* Begin PBXProject section */
		AB7F6E2026997ABD00EF9C6E /* Project object */ = {
			isa = PBXProject;
			attributes = {
				LastSwiftUpdateCheck = 1250;
				LastUpgradeCheck = 1250;
				TargetAttributes = {
					AB7F6E2726997ABD00EF9C6E = {
						CreatedOnToolsVersion = 12.5.1;
					};
				};
			};
			buildConfigurationList = AB7F6E2326997ABD00EF9C6E /* Build configuration list for PBXProject "lazy-iOS" */;
			compatibilityVersion = "Xcode 9.3";
			developmentRegion = en;
			hasScannedForEncodings = 0;
			knownRegions = (
				en,
				Base,
			);
			mainGroup = AB7F6E1F26997ABD00EF9C6E;
			productRefGroup = AB7F6E2926997ABD00EF9C6E /* Products */;
			projectDirPath = "";
			projectRoot = "";
			targets = (
				AB7F6E2726997ABD00EF9C6E /* lazy-iOS */,
			);
		};
/* End PBXProject section */

/* Begin PBXResourcesBuildPhase section */
		AB7F6E2626997ABD00EF9C6E /* Resources */ = {
			isa = PBXResourcesBuildPhase;
			buildActionMask = 2147483647;
			files = (
				AB7F6E3826997AC100EF9C6E /* LaunchScreen.storyboard in Resources */,
				AB42C16F26A5D20600EB1B92 /* Pretendard-Regular.otf in Resources */,
				AB42C16D26A5D1FD00EB1B92 /* Pretendard-Bold.otf in Resources */,
				AB7F6E3526997AC100EF9C6E /* Assets.xcassets in Resources */,
				AB42C16926A5D1E200EB1B92 /* Pretendard-ExtraBold.otf in Resources */,
				AB42C16B26A5D1EE00EB1B92 /* Pretendard-Medium.otf in Resources */,
			);
			runOnlyForDeploymentPostprocessing = 0;
		};
/* End PBXResourcesBuildPhase section */

/* Begin PBXShellScriptBuildPhase section */
		523439D17E80E97113471589 /* [CP] Embed Pods Frameworks */ = {
			isa = PBXShellScriptBuildPhase;
			buildActionMask = 2147483647;
			files = (
			);
			inputFileListPaths = (
				"${PODS_ROOT}/Target Support Files/Pods-lazy-iOS/Pods-lazy-iOS-frameworks-${CONFIGURATION}-input-files.xcfilelist",
			);
			name = "[CP] Embed Pods Frameworks";
			outputFileListPaths = (
				"${PODS_ROOT}/Target Support Files/Pods-lazy-iOS/Pods-lazy-iOS-frameworks-${CONFIGURATION}-output-files.xcfilelist",
			);
			runOnlyForDeploymentPostprocessing = 0;
			shellPath = /bin/sh;
			shellScript = "\"${PODS_ROOT}/Target Support Files/Pods-lazy-iOS/Pods-lazy-iOS-frameworks.sh\"\n";
			showEnvVarsInLog = 0;
		};
		CFAD25E117855A7CBEEEA4F1 /* [CP] Check Pods Manifest.lock */ = {
			isa = PBXShellScriptBuildPhase;
			buildActionMask = 2147483647;
			files = (
			);
			inputFileListPaths = (
			);
			inputPaths = (
				"${PODS_PODFILE_DIR_PATH}/Podfile.lock",
				"${PODS_ROOT}/Manifest.lock",
			);
			name = "[CP] Check Pods Manifest.lock";
			outputFileListPaths = (
			);
			outputPaths = (
				"$(DERIVED_FILE_DIR)/Pods-lazy-iOS-checkManifestLockResult.txt",
			);
			runOnlyForDeploymentPostprocessing = 0;
			shellPath = /bin/sh;
			shellScript = "diff \"${PODS_PODFILE_DIR_PATH}/Podfile.lock\" \"${PODS_ROOT}/Manifest.lock\" > /dev/null\nif [ $? != 0 ] ; then\n    # print error to STDERR\n    echo \"error: The sandbox is not in sync with the Podfile.lock. Run 'pod install' or update your CocoaPods installation.\" >&2\n    exit 1\nfi\n# This output is used by Xcode 'outputs' to avoid re-running this script phase.\necho \"SUCCESS\" > \"${SCRIPT_OUTPUT_FILE_0}\"\n";
			showEnvVarsInLog = 0;
		};
/* End PBXShellScriptBuildPhase section */

/* Begin PBXSourcesBuildPhase section */
		AB7F6E2426997ABD00EF9C6E /* Sources */ = {
			isa = PBXSourcesBuildPhase;
			buildActionMask = 2147483647;
			files = (
				AB7F6E512699FF7B00EF9C6E /* LoginViewController.swift in Sources */,
				AB7F6E3026997ABD00EF9C6E /* MainViewController.swift in Sources */,
				AB7F6E2C26997ABD00EF9C6E /* AppDelegate.swift in Sources */,
				AB42C15526A458D800EB1B92 /* BubbleBehaviorManager.swift in Sources */,
				AB7F6E54269A02E100EF9C6E /* KeyConstants.swift in Sources */,
				AB7F6E57269A2CAB00EF9C6E /* SIgnManager.swift in Sources */,
				AB42C15826A46B9F00EB1B92 /* DrawerView.swift in Sources */,
				AB42C17626A5E1EF00EB1B92 /* HomeHabitTableViewCell.swift in Sources */,
				AB42C16626A5C61200EB1B92 /* UIComponentsConstants.swift in Sources */,
				AB42C15E26A568A400EB1B92 /* MyPageViewController.swift in Sources */,
				AB42C17826A5E7C500EB1B92 /* MainViewController+Extension.swift in Sources */,
				AB7F6E492699FD8900EF9C6E /* UIView+Extension.swift in Sources */,
				AB42C17126A5D2D200EB1B92 /* UIFont+Extension.swift in Sources */,
				AB7F6E4B2699FDB900EF9C6E /* UIDevice+Extension.swift in Sources */,
				AB42C16426A5C52C00EB1B92 /* DiviceConstants.swift in Sources */,
				AB42C17D26A839B200EB1B92 /* PopUpViewController.swift in Sources */,
				AB42C16126A5691000EB1B92 /* AnalysisViewController.swift in Sources */,
				AB42C15B26A5657600EB1B92 /* TabBarController.swift in Sources */,
				AB7F6E2E26997ABD00EF9C6E /* SceneDelegate.swift in Sources */,
				AB7F6E4E2699FDEB00EF9C6E /* Date+Extension.swift in Sources */,
			);
			runOnlyForDeploymentPostprocessing = 0;
		};
/* End PBXSourcesBuildPhase section */

/* Begin PBXVariantGroup section */
		AB7F6E3626997AC100EF9C6E /* LaunchScreen.storyboard */ = {
			isa = PBXVariantGroup;
			children = (
				AB7F6E3726997AC100EF9C6E /* Base */,
			);
			name = LaunchScreen.storyboard;
			sourceTree = "<group>";
		};
/* End PBXVariantGroup section */

/* Begin XCBuildConfiguration section */
		AB7F6E3A26997AC100EF9C6E /* Debug */ = {
			isa = XCBuildConfiguration;
			buildSettings = {
				ALWAYS_SEARCH_USER_PATHS = NO;
				CLANG_ANALYZER_NONNULL = YES;
				CLANG_ANALYZER_NUMBER_OBJECT_CONVERSION = YES_AGGRESSIVE;
				CLANG_CXX_LANGUAGE_STANDARD = "gnu++14";
				CLANG_CXX_LIBRARY = "libc++";
				CLANG_ENABLE_MODULES = YES;
				CLANG_ENABLE_OBJC_ARC = YES;
				CLANG_ENABLE_OBJC_WEAK = YES;
				CLANG_WARN_BLOCK_CAPTURE_AUTORELEASING = YES;
				CLANG_WARN_BOOL_CONVERSION = YES;
				CLANG_WARN_COMMA = YES;
				CLANG_WARN_CONSTANT_CONVERSION = YES;
				CLANG_WARN_DEPRECATED_OBJC_IMPLEMENTATIONS = YES;
				CLANG_WARN_DIRECT_OBJC_ISA_USAGE = YES_ERROR;
				CLANG_WARN_DOCUMENTATION_COMMENTS = YES;
				CLANG_WARN_EMPTY_BODY = YES;
				CLANG_WARN_ENUM_CONVERSION = YES;
				CLANG_WARN_INFINITE_RECURSION = YES;
				CLANG_WARN_INT_CONVERSION = YES;
				CLANG_WARN_NON_LITERAL_NULL_CONVERSION = YES;
				CLANG_WARN_OBJC_IMPLICIT_RETAIN_SELF = YES;
				CLANG_WARN_OBJC_LITERAL_CONVERSION = YES;
				CLANG_WARN_OBJC_ROOT_CLASS = YES_ERROR;
				CLANG_WARN_QUOTED_INCLUDE_IN_FRAMEWORK_HEADER = YES;
				CLANG_WARN_RANGE_LOOP_ANALYSIS = YES;
				CLANG_WARN_STRICT_PROTOTYPES = YES;
				CLANG_WARN_SUSPICIOUS_MOVE = YES;
				CLANG_WARN_UNGUARDED_AVAILABILITY = YES_AGGRESSIVE;
				CLANG_WARN_UNREACHABLE_CODE = YES;
				CLANG_WARN__DUPLICATE_METHOD_MATCH = YES;
				COPY_PHASE_STRIP = NO;
				DEBUG_INFORMATION_FORMAT = dwarf;
				ENABLE_STRICT_OBJC_MSGSEND = YES;
				ENABLE_TESTABILITY = YES;
				GCC_C_LANGUAGE_STANDARD = gnu11;
				GCC_DYNAMIC_NO_PIC = NO;
				GCC_NO_COMMON_BLOCKS = YES;
				GCC_OPTIMIZATION_LEVEL = 0;
				GCC_PREPROCESSOR_DEFINITIONS = (
					"DEBUG=1",
					"$(inherited)",
				);
				GCC_WARN_64_TO_32_BIT_CONVERSION = YES;
				GCC_WARN_ABOUT_RETURN_TYPE = YES_ERROR;
				GCC_WARN_UNDECLARED_SELECTOR = YES;
				GCC_WARN_UNINITIALIZED_AUTOS = YES_AGGRESSIVE;
				GCC_WARN_UNUSED_FUNCTION = YES;
				GCC_WARN_UNUSED_VARIABLE = YES;
				IPHONEOS_DEPLOYMENT_TARGET = 14.5;
				MTL_ENABLE_DEBUG_INFO = INCLUDE_SOURCE;
				MTL_FAST_MATH = YES;
				ONLY_ACTIVE_ARCH = YES;
				SDKROOT = iphoneos;
				SWIFT_ACTIVE_COMPILATION_CONDITIONS = DEBUG;
				SWIFT_OPTIMIZATION_LEVEL = "-Onone";
			};
			name = Debug;
		};
		AB7F6E3B26997AC100EF9C6E /* Release */ = {
			isa = XCBuildConfiguration;
			buildSettings = {
				ALWAYS_SEARCH_USER_PATHS = NO;
				CLANG_ANALYZER_NONNULL = YES;
				CLANG_ANALYZER_NUMBER_OBJECT_CONVERSION = YES_AGGRESSIVE;
				CLANG_CXX_LANGUAGE_STANDARD = "gnu++14";
				CLANG_CXX_LIBRARY = "libc++";
				CLANG_ENABLE_MODULES = YES;
				CLANG_ENABLE_OBJC_ARC = YES;
				CLANG_ENABLE_OBJC_WEAK = YES;
				CLANG_WARN_BLOCK_CAPTURE_AUTORELEASING = YES;
				CLANG_WARN_BOOL_CONVERSION = YES;
				CLANG_WARN_COMMA = YES;
				CLANG_WARN_CONSTANT_CONVERSION = YES;
				CLANG_WARN_DEPRECATED_OBJC_IMPLEMENTATIONS = YES;
				CLANG_WARN_DIRECT_OBJC_ISA_USAGE = YES_ERROR;
				CLANG_WARN_DOCUMENTATION_COMMENTS = YES;
				CLANG_WARN_EMPTY_BODY = YES;
				CLANG_WARN_ENUM_CONVERSION = YES;
				CLANG_WARN_INFINITE_RECURSION = YES;
				CLANG_WARN_INT_CONVERSION = YES;
				CLANG_WARN_NON_LITERAL_NULL_CONVERSION = YES;
				CLANG_WARN_OBJC_IMPLICIT_RETAIN_SELF = YES;
				CLANG_WARN_OBJC_LITERAL_CONVERSION = YES;
				CLANG_WARN_OBJC_ROOT_CLASS = YES_ERROR;
				CLANG_WARN_QUOTED_INCLUDE_IN_FRAMEWORK_HEADER = YES;
				CLANG_WARN_RANGE_LOOP_ANALYSIS = YES;
				CLANG_WARN_STRICT_PROTOTYPES = YES;
				CLANG_WARN_SUSPICIOUS_MOVE = YES;
				CLANG_WARN_UNGUARDED_AVAILABILITY = YES_AGGRESSIVE;
				CLANG_WARN_UNREACHABLE_CODE = YES;
				CLANG_WARN__DUPLICATE_METHOD_MATCH = YES;
				COPY_PHASE_STRIP = NO;
				DEBUG_INFORMATION_FORMAT = "dwarf-with-dsym";
				ENABLE_NS_ASSERTIONS = NO;
				ENABLE_STRICT_OBJC_MSGSEND = YES;
				GCC_C_LANGUAGE_STANDARD = gnu11;
				GCC_NO_COMMON_BLOCKS = YES;
				GCC_WARN_64_TO_32_BIT_CONVERSION = YES;
				GCC_WARN_ABOUT_RETURN_TYPE = YES_ERROR;
				GCC_WARN_UNDECLARED_SELECTOR = YES;
				GCC_WARN_UNINITIALIZED_AUTOS = YES_AGGRESSIVE;
				GCC_WARN_UNUSED_FUNCTION = YES;
				GCC_WARN_UNUSED_VARIABLE = YES;
				IPHONEOS_DEPLOYMENT_TARGET = 14.5;
				MTL_ENABLE_DEBUG_INFO = NO;
				MTL_FAST_MATH = YES;
				SDKROOT = iphoneos;
				SWIFT_COMPILATION_MODE = wholemodule;
				SWIFT_OPTIMIZATION_LEVEL = "-O";
				VALIDATE_PRODUCT = YES;
			};
			name = Release;
		};
		AB7F6E3D26997AC100EF9C6E /* Debug */ = {
			isa = XCBuildConfiguration;
			baseConfigurationReference = 44C6479D16B690640522E86F /* Pods-lazy-iOS.debug.xcconfig */;
			buildSettings = {
				ASSETCATALOG_COMPILER_APPICON_NAME = AppIcon;
				ASSETCATALOG_COMPILER_GLOBAL_ACCENT_COLOR_NAME = AccentColor;
				CODE_SIGN_STYLE = Automatic;
				DEVELOPMENT_TEAM = G7SD8523Y3;
				INFOPLIST_FILE = "lazy-iOS/Info.plist";
				LD_RUNPATH_SEARCH_PATHS = (
					"$(inherited)",
					"@executable_path/Frameworks",
				);
				PRODUCT_BUNDLE_IDENTIFIER = "inaelee.lazy-iOS";
				PRODUCT_NAME = "$(TARGET_NAME)";
				SWIFT_VERSION = 5.0;
				TARGETED_DEVICE_FAMILY = "1,2";
			};
			name = Debug;
		};
		AB7F6E3E26997AC100EF9C6E /* Release */ = {
			isa = XCBuildConfiguration;
			baseConfigurationReference = 2F61B0477BCC48894749B34D /* Pods-lazy-iOS.release.xcconfig */;
			buildSettings = {
				ASSETCATALOG_COMPILER_APPICON_NAME = AppIcon;
				ASSETCATALOG_COMPILER_GLOBAL_ACCENT_COLOR_NAME = AccentColor;
				CODE_SIGN_STYLE = Automatic;
				DEVELOPMENT_TEAM = G7SD8523Y3;
				INFOPLIST_FILE = "lazy-iOS/Info.plist";
				LD_RUNPATH_SEARCH_PATHS = (
					"$(inherited)",
					"@executable_path/Frameworks",
				);
				PRODUCT_BUNDLE_IDENTIFIER = "inaelee.lazy-iOS";
				PRODUCT_NAME = "$(TARGET_NAME)";
				SWIFT_VERSION = 5.0;
				TARGETED_DEVICE_FAMILY = "1,2";
			};
			name = Release;
		};
/* End XCBuildConfiguration section */

/* Begin XCConfigurationList section */
		AB7F6E2326997ABD00EF9C6E /* Build configuration list for PBXProject "lazy-iOS" */ = {
			isa = XCConfigurationList;
			buildConfigurations = (
				AB7F6E3A26997AC100EF9C6E /* Debug */,
				AB7F6E3B26997AC100EF9C6E /* Release */,
			);
			defaultConfigurationIsVisible = 0;
			defaultConfigurationName = Release;
		};
		AB7F6E3C26997AC100EF9C6E /* Build configuration list for PBXNativeTarget "lazy-iOS" */ = {
			isa = XCConfigurationList;
			buildConfigurations = (
				AB7F6E3D26997AC100EF9C6E /* Debug */,
				AB7F6E3E26997AC100EF9C6E /* Release */,
			);
			defaultConfigurationIsVisible = 0;
			defaultConfigurationName = Release;
		};
/* End XCConfigurationList section */
	};
	rootObject = AB7F6E2026997ABD00EF9C6E /* Project object */;
}
